
Microsoft Visual Studio Solution File, Format Version 12.00
# Visual Studio 2013
VisualStudioVersion = 12.0.21005.1
MinimumVisualStudioVersion = 10.0.40219.1
Project("{FAE04EC0-301F-11D3-BF4B-00C04F79EFBC}") = "BrainfarmClassLibrary", "BrainfarmClassLibrary\BrainfarmClassLibrary.csproj", "{55D87D56-C303-418B-B97A-DCBB392BDD7E}"
EndProject
Project("{FAE04EC0-301F-11D3-BF4B-00C04F79EFBC}") = "BrainfarmService", "BrainfarmService\BrainfarmService.csproj", "{49B297D2-4E1D-4001-ABC7-7F56B962F3AF}"
EndProject
Project("{FAE04EC0-301F-11D3-BF4B-00C04F79EFBC}") = "BrainfarmWeb", "BrainfarmWeb\BrainfarmWeb.csproj", "{BC770754-C740-4E26-9280-97520D30F762}"
	ProjectSection(ProjectDependencies) = postProject
		{49B297D2-4E1D-4001-ABC7-7F56B962F3AF} = {49B297D2-4E1D-4001-ABC7-7F56B962F3AF}
	EndProjectSection
EndProject
Global
	GlobalSection(SolutionConfigurationPlatforms) = preSolution
		Debug|Any CPU = Debug|Any CPU
		Release|Any CPU = Release|Any CPU
	EndGlobalSection
	GlobalSection(ProjectConfigurationPlatforms) = postSolution
		{55D87D56-C303-418B-B97A-DCBB392BDD7E}.Debug|Any CPU.ActiveCfg = Debug|Any CPU
		{55D87D56-C303-418B-B97A-DCBB392BDD7E}.Debug|Any CPU.Build.0 = Debug|Any CPU
		{55D87D56-C303-418B-B97A-DCBB392BDD7E}.Release|Any CPU.ActiveCfg = Release|Any CPU
		{55D87D56-C303-418B-B97A-DCBB392BDD7E}.Release|Any CPU.Build.0 = Release|Any CPU
		{49B297D2-4E1D-4001-ABC7-7F56B962F3AF}.Debug|Any CPU.ActiveCfg = Debug|Any CPU
		{49B297D2-4E1D-4001-ABC7-7F56B962F3AF}.Debug|Any CPU.Build.0 = Debug|Any CPU
		{49B297D2-4E1D-4001-ABC7-7F56B962F3AF}.Release|Any CPU.ActiveCfg = Release|Any CPU
		{49B297D2-4E1D-4001-ABC7-7F56B962F3AF}.Release|Any CPU.Build.0 = Release|Any CPU
		{BC770754-C740-4E26-9280-97520D30F762}.Debug|Any CPU.ActiveCfg = Debug|Any CPU
		{BC770754-C740-4E26-9280-97520D30F762}.Debug|Any CPU.Build.0 = Debug|Any CPU
		{BC770754-C740-4E26-9280-97520D30F762}.Release|Any CPU.ActiveCfg = Release|Any CPU
		{BC770754-C740-4E26-9280-97520D30F762}.Release|Any CPU.Build.0 = Release|Any CPU
	EndGlobalSection
	GlobalSection(SolutionProperties) = preSolution
		HideSolutionNode = FALSE
	EndGlobalSection
EndGlobal
